PODS:
  - LinKingPatch (0.1.0):
    - SSZipArchive (~> 2.2.2)
  - SSZipArchive (2.2.2)

DEPENDENCIES:
  - LinKingPatch (from `../`)

SPEC REPOS:
  trunk:
    - SSZipArchive

EXTERNAL SOURCES:
  LinKingPatch:
    :path: "../"

SPEC CHECKSUMS:
  LinKingPatch: 560c29e8dc9a2ce5a81b54adb5b9d4804b73b82b
  SSZipArchive: fa16b8cc4cdeceb698e5e5d9f67e9558532fbf23

PODFILE CHECKSUM: cb4b543a43dbeb085de8e910b22f944e62a56e51

COCOAPODS: 1.9.3
